
Microsoft Visual Studio Solution File, Format Version 12.00
# Visual Studio Version 16
VisualStudioVersion = 16.0.31205.134
MinimumVisualStudioVersion = 10.0.40219.1
Project("{9A19103F-16F7-4668-BE54-9A1E7A4F7556}") = "instantMessagingServer", "instantMessagingServer\instantMessagingServer.csproj", "{AF66FF38-B033-4156-8BBD-D1AA5C0AA215}"
EndProject
Project("{9A19103F-16F7-4668-BE54-9A1E7A4F7556}") = "instantMessagingCore", "..\instantMessagingCore\instantMessagingCore\instantMessagingCore.csproj", "{AECC8D9B-4EEA-44D4-9A9E-E3590645802A}"
EndProject
Global
	GlobalSection(SolutionConfigurationPlatforms) = preSolution
		Debug|Any CPU = Debug|Any CPU
		Release|Any CPU = Release|Any CPU
	EndGlobalSection
	GlobalSection(ProjectConfigurationPlatforms) = postSolution
		{AF66FF38-B033-4156-8BBD-D1AA5C0AA215}.Debug|Any CPU.ActiveCfg = Debug|Any CPU
		{AF66FF38-B033-4156-8BBD-D1AA5C0AA215}.Debug|Any CPU.Build.0 = Debug|Any CPU
		{AF66FF38-B033-4156-8BBD-D1AA5C0AA215}.Release|Any CPU.ActiveCfg = Release|Any CPU
		{AF66FF38-B033-4156-8BBD-D1AA5C0AA215}.Release|Any CPU.Build.0 = Release|Any CPU
		{AECC8D9B-4EEA-44D4-9A9E-E3590645802A}.Debug|Any CPU.ActiveCfg = Debug|Any CPU
		{AECC8D9B-4EEA-44D4-9A9E-E3590645802A}.Debug|Any CPU.Build.0 = Debug|Any CPU
		{AECC8D9B-4EEA-44D4-9A9E-E3590645802A}.Release|Any CPU.ActiveCfg = Release|Any CPU
		{AECC8D9B-4EEA-44D4-9A9E-E3590645802A}.Release|Any CPU.Build.0 = Release|Any CPU
	EndGlobalSection
	GlobalSection(SolutionProperties) = preSolution
		HideSolutionNode = FALSE
	EndGlobalSection
	GlobalSection(ExtensibilityGlobals) = postSolution
		SolutionGuid = {07BAB3D8-7938-404B-ACB4-EF9EE9F4C4E9}
	EndGlobalSection
EndGlobal
