
Microsoft Visual Studio Solution File, Format Version 12.00
# Visual Studio Version 16
VisualStudioVersion = 16.0.31313.79
MinimumVisualStudioVersion = 10.0.40219.1
Project("{FAE04EC0-301F-11D3-BF4B-00C04F79EFBC}") = "instantMessagingCore", "instantMessagingCore\instantMessagingCore.csproj", "{0295ADE3-0A00-45C8-8396-6F646DCCF666}"
EndProject
Global
	GlobalSection(SolutionConfigurationPlatforms) = preSolution
		Debug|Any CPU = Debug|Any CPU
		Release|Any CPU = Release|Any CPU
	EndGlobalSection
	GlobalSection(ProjectConfigurationPlatforms) = postSolution
		{0295ADE3-0A00-45C8-8396-6F646DCCF666}.Debug|Any CPU.ActiveCfg = Debug|Any CPU
		{0295ADE3-0A00-45C8-8396-6F646DCCF666}.Debug|Any CPU.Build.0 = Debug|Any CPU
		{0295ADE3-0A00-45C8-8396-6F646DCCF666}.Release|Any CPU.ActiveCfg = Release|Any CPU
		{0295ADE3-0A00-45C8-8396-6F646DCCF666}.Release|Any CPU.Build.0 = Release|Any CPU
	EndGlobalSection
	GlobalSection(SolutionProperties) = preSolution
		HideSolutionNode = FALSE
	EndGlobalSection
	GlobalSection(ExtensibilityGlobals) = postSolution
		SolutionGuid = {09D7B41F-F245-4722-B340-46DF7CE29B24}
	EndGlobalSection
EndGlobal
